
Microsoft Visual Studio Solution File, Format Version 12.00
# Visual Studio Version 17
VisualStudioVersion = 17.5.33516.290
MinimumVisualStudioVersion = 10.0.40219.1
Project("{FAE04EC0-301F-11D3-BF4B-00C04F79EFBC}") = "Chess", "chess\Chess.csproj", "{79EB9144-C5A4-455B-B8B0-CA6BE41AFA01}"
EndProject
Project("{FAE04EC0-301F-11D3-BF4B-00C04F79EFBC}") = "ChessConsoleApp", "ChessConsoleApp\ChessConsoleApp.csproj", "{DE59BB3A-D037-42F4-BAFD-060214116398}"
EndProject
Project("{FAE04EC0-301F-11D3-BF4B-00C04F79EFBC}") = "ChessClassLibrary", "ChessClassLibrary\ChessClassLibrary.csproj", "{4F4C35CB-DCA2-4BAB-9073-AD7D44F06B45}"
EndProject
Global
	GlobalSection(SolutionConfigurationPlatforms) = preSolution
		Debug|Any CPU = Debug|Any CPU
		Release|Any CPU = Release|Any CPU
	EndGlobalSection
	GlobalSection(ProjectConfigurationPlatforms) = postSolution
		{79EB9144-C5A4-455B-B8B0-CA6BE41AFA01}.Debug|Any CPU.ActiveCfg = Debug|Any CPU
		{79EB9144-C5A4-455B-B8B0-CA6BE41AFA01}.Debug|Any CPU.Build.0 = Debug|Any CPU
		{79EB9144-C5A4-455B-B8B0-CA6BE41AFA01}.Release|Any CPU.ActiveCfg = Release|Any CPU
		{79EB9144-C5A4-455B-B8B0-CA6BE41AFA01}.Release|Any CPU.Build.0 = Release|Any CPU
		{DE59BB3A-D037-42F4-BAFD-060214116398}.Debug|Any CPU.ActiveCfg = Debug|Any CPU
		{DE59BB3A-D037-42F4-BAFD-060214116398}.Debug|Any CPU.Build.0 = Debug|Any CPU
		{DE59BB3A-D037-42F4-BAFD-060214116398}.Release|Any CPU.ActiveCfg = Release|Any CPU
		{DE59BB3A-D037-42F4-BAFD-060214116398}.Release|Any CPU.Build.0 = Release|Any CPU
		{4F4C35CB-DCA2-4BAB-9073-AD7D44F06B45}.Debug|Any CPU.ActiveCfg = Debug|Any CPU
		{4F4C35CB-DCA2-4BAB-9073-AD7D44F06B45}.Debug|Any CPU.Build.0 = Debug|Any CPU
		{4F4C35CB-DCA2-4BAB-9073-AD7D44F06B45}.Release|Any CPU.ActiveCfg = Release|Any CPU
		{4F4C35CB-DCA2-4BAB-9073-AD7D44F06B45}.Release|Any CPU.Build.0 = Release|Any CPU
	EndGlobalSection
	GlobalSection(SolutionProperties) = preSolution
		HideSolutionNode = FALSE
	EndGlobalSection
	GlobalSection(ExtensibilityGlobals) = postSolution
		SolutionGuid = {D6F6184F-ED38-48D4-B3AF-BB1CBB3BE2E1}
	EndGlobalSection
EndGlobal
