
Microsoft Visual Studio Solution File, Format Version 12.00
# Visual Studio Version 17
VisualStudioVersion = 17.5.002.0
MinimumVisualStudioVersion = 10.0.40219.1
Project("{9A19103F-16F7-4668-BE54-9A1E7A4F7556}") = "Chess", "Chess.csproj", "{C48F7D72-A536-4231-AC2D-AE453A3525ED}"
EndProject
Global
	GlobalSection(SolutionConfigurationPlatforms) = preSolution
		Debug|Any CPU = Debug|Any CPU
		Release|Any CPU = Release|Any CPU
	EndGlobalSection
	GlobalSection(ProjectConfigurationPlatforms) = postSolution
		{C48F7D72-A536-4231-AC2D-AE453A3525ED}.Debug|Any CPU.ActiveCfg = Debug|Any CPU
		{C48F7D72-A536-4231-AC2D-AE453A3525ED}.Debug|Any CPU.Build.0 = Debug|Any CPU
		{C48F7D72-A536-4231-AC2D-AE453A3525ED}.Release|Any CPU.ActiveCfg = Release|Any CPU
		{C48F7D72-A536-4231-AC2D-AE453A3525ED}.Release|Any CPU.Build.0 = Release|Any CPU
	EndGlobalSection
	GlobalSection(SolutionProperties) = preSolution
		HideSolutionNode = FALSE
	EndGlobalSection
	GlobalSection(ExtensibilityGlobals) = postSolution
		SolutionGuid = {C2591A46-3E11-4E05-840C-B77272512A00}
	EndGlobalSection
EndGlobal
